
Microsoft Visual Studio Solution File, Format Version 12.00
# Visual Studio Version 16
VisualStudioVersion = 25.0.1706.14
MinimumVisualStudioVersion = 10.0.40219.1
Project("{FAE04EC0-301F-11D3-BF4B-00C04F79EFBC}") = "ViveroApp", "ViveroApp\ViveroApp.csproj", "{02B727B1-AF92-4335-849D-7298F0FA1542}"
EndProject
Global
	GlobalSection(SolutionConfigurationPlatforms) = preSolution
		Debug|Any CPU = Debug|Any CPU
		Release|Any CPU = Release|Any CPU
	EndGlobalSection
	GlobalSection(ProjectConfigurationPlatforms) = postSolution
		{02B727B1-AF92-4335-849D-7298F0FA1542}.Debug|Any CPU.ActiveCfg = Debug|Any CPU
		{02B727B1-AF92-4335-849D-7298F0FA1542}.Debug|Any CPU.Build.0 = Debug|Any CPU
		{02B727B1-AF92-4335-849D-7298F0FA1542}.Release|Any CPU.ActiveCfg = Release|Any CPU
		{02B727B1-AF92-4335-849D-7298F0FA1542}.Release|Any CPU.Build.0 = Release|Any CPU
	EndGlobalSection
	GlobalSection(SolutionProperties) = preSolution
		HideSolutionNode = FALSE
	EndGlobalSection
	GlobalSection(ExtensibilityGlobals) = postSolution
		SolutionGuid = {20DD0F0A-4731-496F-814C-6F38ACBB1749}
	EndGlobalSection
EndGlobal
